
Microsoft Visual Studio Solution File, Format Version 12.00
# Visual Studio 14
VisualStudioVersion = 14.0.25420.1
MinimumVisualStudioVersion = 10.0.40219.1
Project("{FAE04EC0-301F-11D3-BF4B-00C04F79EFBC}") = "EpubReader", "EpubReader\EpubReader.csproj", "{D09F9D92-93E7-4220-9102-293A4A4CAE63}"
EndProject
Project("{FAE04EC0-301F-11D3-BF4B-00C04F79EFBC}") = "EpubReader.Test", "EpubReader.Test\EpubReader.Test.csproj", "{0FA98715-1533-48BD-BD9A-5211180F4815}"
EndProject
Global
	GlobalSection(SolutionConfigurationPlatforms) = preSolution
		Debug|Any CPU = Debug|Any CPU
		Release|Any CPU = Release|Any CPU
	EndGlobalSection
	GlobalSection(ProjectConfigurationPlatforms) = postSolution
		{D09F9D92-93E7-4220-9102-293A4A4CAE63}.Debug|Any CPU.ActiveCfg = Debug|Any CPU
		{D09F9D92-93E7-4220-9102-293A4A4CAE63}.Debug|Any CPU.Build.0 = Debug|Any CPU
		{D09F9D92-93E7-4220-9102-293A4A4CAE63}.Release|Any CPU.ActiveCfg = Release|Any CPU
		{D09F9D92-93E7-4220-9102-293A4A4CAE63}.Release|Any CPU.Build.0 = Release|Any CPU
		{0FA98715-1533-48BD-BD9A-5211180F4815}.Debug|Any CPU.ActiveCfg = Debug|Any CPU
		{0FA98715-1533-48BD-BD9A-5211180F4815}.Debug|Any CPU.Build.0 = Debug|Any CPU
		{0FA98715-1533-48BD-BD9A-5211180F4815}.Release|Any CPU.ActiveCfg = Release|Any CPU
		{0FA98715-1533-48BD-BD9A-5211180F4815}.Release|Any CPU.Build.0 = Release|Any CPU
	EndGlobalSection
	GlobalSection(SolutionProperties) = preSolution
		HideSolutionNode = FALSE
	EndGlobalSection
EndGlobal
